
Microsoft Visual Studio Solution File, Format Version 12.00
# Visual Studio Version 17
VisualStudioVersion = 17.3.32819.101
MinimumVisualStudioVersion = 10.0.40219.1
Project("{FAE04EC0-301F-11D3-BF4B-00C04F79EFBC}") = "OtpVerfication_FireBase", "OtpVerfication_FireBase\OtpVerfication_FireBase.csproj", "{833BEAE7-5264-4D76-9F9F-86FF95BB1985}"
EndProject
Global
	GlobalSection(SolutionConfigurationPlatforms) = preSolution
		Debug|Any CPU = Debug|Any CPU
		Release|Any CPU = Release|Any CPU
	EndGlobalSection
	GlobalSection(ProjectConfigurationPlatforms) = postSolution
		{833BEAE7-5264-4D76-9F9F-86FF95BB1985}.Debug|Any CPU.ActiveCfg = Debug|Any CPU
		{833BEAE7-5264-4D76-9F9F-86FF95BB1985}.Debug|Any CPU.Build.0 = Debug|Any CPU
		{833BEAE7-5264-4D76-9F9F-86FF95BB1985}.Release|Any CPU.ActiveCfg = Release|Any CPU
		{833BEAE7-5264-4D76-9F9F-86FF95BB1985}.Release|Any CPU.Build.0 = Release|Any CPU
	EndGlobalSection
	GlobalSection(SolutionProperties) = preSolution
		HideSolutionNode = FALSE
	EndGlobalSection
	GlobalSection(ExtensibilityGlobals) = postSolution
		SolutionGuid = {E5191A9A-06DA-498B-8406-69E4B1835828}
	EndGlobalSection
EndGlobal
