
Microsoft Visual Studio Solution File, Format Version 12.00
# Visual Studio Version 17
VisualStudioVersion = 17.3.32819.101
MinimumVisualStudioVersion = 10.0.40219.1
Project("{FAE04EC0-301F-11D3-BF4B-00C04F79EFBC}") = "NextPalindrome", "NextPalindrome\NextPalindrome.csproj", "{9F4ABBF6-AE2E-4615-82CB-22A04F4117D8}"
EndProject
Global
	GlobalSection(SolutionConfigurationPlatforms) = preSolution
		Debug|Any CPU = Debug|Any CPU
		Release|Any CPU = Release|Any CPU
	EndGlobalSection
	GlobalSection(ProjectConfigurationPlatforms) = postSolution
		{9F4ABBF6-AE2E-4615-82CB-22A04F4117D8}.Debug|Any CPU.ActiveCfg = Debug|Any CPU
		{9F4ABBF6-AE2E-4615-82CB-22A04F4117D8}.Debug|Any CPU.Build.0 = Debug|Any CPU
		{9F4ABBF6-AE2E-4615-82CB-22A04F4117D8}.Release|Any CPU.ActiveCfg = Release|Any CPU
		{9F4ABBF6-AE2E-4615-82CB-22A04F4117D8}.Release|Any CPU.Build.0 = Release|Any CPU
	EndGlobalSection
	GlobalSection(SolutionProperties) = preSolution
		HideSolutionNode = FALSE
	EndGlobalSection
	GlobalSection(ExtensibilityGlobals) = postSolution
		SolutionGuid = {94C49DA7-6F73-479F-B390-52BE1167893B}
	EndGlobalSection
EndGlobal
