
Microsoft Visual Studio Solution File, Format Version 12.00
# Visual Studio Version 17
VisualStudioVersion = 17.3.32819.101
MinimumVisualStudioVersion = 10.0.40219.1
Project("{FAE04EC0-301F-11D3-BF4B-00C04F79EFBC}") = "JWT_AUTH", "JWT_AUTH\JWT_AUTH.csproj", "{F29D28AB-1C67-41A2-8652-D32B6C0DE935}"
EndProject
Global
	GlobalSection(SolutionConfigurationPlatforms) = preSolution
		Debug|Any CPU = Debug|Any CPU
		Release|Any CPU = Release|Any CPU
	EndGlobalSection
	GlobalSection(ProjectConfigurationPlatforms) = postSolution
		{F29D28AB-1C67-41A2-8652-D32B6C0DE935}.Debug|Any CPU.ActiveCfg = Debug|Any CPU
		{F29D28AB-1C67-41A2-8652-D32B6C0DE935}.Debug|Any CPU.Build.0 = Debug|Any CPU
		{F29D28AB-1C67-41A2-8652-D32B6C0DE935}.Release|Any CPU.ActiveCfg = Release|Any CPU
		{F29D28AB-1C67-41A2-8652-D32B6C0DE935}.Release|Any CPU.Build.0 = Release|Any CPU
	EndGlobalSection
	GlobalSection(SolutionProperties) = preSolution
		HideSolutionNode = FALSE
	EndGlobalSection
	GlobalSection(ExtensibilityGlobals) = postSolution
		SolutionGuid = {3672F549-E161-4069-83C8-1BEDCC236109}
	EndGlobalSection
EndGlobal
