
Microsoft Visual Studio Solution File, Format Version 12.00
# Visual Studio Version 17
VisualStudioVersion = 17.3.32819.101
MinimumVisualStudioVersion = 10.0.40219.1
Project("{FAE04EC0-301F-11D3-BF4B-00C04F79EFBC}") = "SMPT_Verification", "SMPT_Verification\SMPT_Verification.csproj", "{B1076FA1-B484-48AA-A55E-1A10E7CD6DDA}"
EndProject
Global
	GlobalSection(SolutionConfigurationPlatforms) = preSolution
		Debug|Any CPU = Debug|Any CPU
		Release|Any CPU = Release|Any CPU
	EndGlobalSection
	GlobalSection(ProjectConfigurationPlatforms) = postSolution
		{B1076FA1-B484-48AA-A55E-1A10E7CD6DDA}.Debug|Any CPU.ActiveCfg = Debug|Any CPU
		{B1076FA1-B484-48AA-A55E-1A10E7CD6DDA}.Debug|Any CPU.Build.0 = Debug|Any CPU
		{B1076FA1-B484-48AA-A55E-1A10E7CD6DDA}.Release|Any CPU.ActiveCfg = Release|Any CPU
		{B1076FA1-B484-48AA-A55E-1A10E7CD6DDA}.Release|Any CPU.Build.0 = Release|Any CPU
	EndGlobalSection
	GlobalSection(SolutionProperties) = preSolution
		HideSolutionNode = FALSE
	EndGlobalSection
	GlobalSection(ExtensibilityGlobals) = postSolution
		SolutionGuid = {611DBBF5-8FF5-4637-84A5-72B7C82D2B79}
	EndGlobalSection
EndGlobal
