
Microsoft Visual Studio Solution File, Format Version 12.00
# Visual Studio Version 17
VisualStudioVersion = 17.3.32819.101
MinimumVisualStudioVersion = 10.0.40219.1
Project("{FAE04EC0-301F-11D3-BF4B-00C04F79EFBC}") = "APIConsumingMvc", "APIConsumingMvc\APIConsumingMvc.csproj", "{2D6FB8C2-6416-4B75-BD07-639359E8C87C}"
EndProject
Global
	GlobalSection(SolutionConfigurationPlatforms) = preSolution
		Debug|Any CPU = Debug|Any CPU
		Release|Any CPU = Release|Any CPU
	EndGlobalSection
	GlobalSection(ProjectConfigurationPlatforms) = postSolution
		{2D6FB8C2-6416-4B75-BD07-639359E8C87C}.Debug|Any CPU.ActiveCfg = Debug|Any CPU
		{2D6FB8C2-6416-4B75-BD07-639359E8C87C}.Debug|Any CPU.Build.0 = Debug|Any CPU
		{2D6FB8C2-6416-4B75-BD07-639359E8C87C}.Release|Any CPU.ActiveCfg = Release|Any CPU
		{2D6FB8C2-6416-4B75-BD07-639359E8C87C}.Release|Any CPU.Build.0 = Release|Any CPU
	EndGlobalSection
	GlobalSection(SolutionProperties) = preSolution
		HideSolutionNode = FALSE
	EndGlobalSection
	GlobalSection(ExtensibilityGlobals) = postSolution
		SolutionGuid = {FFEA8DB5-1F4F-4BBB-95DA-0075205EEBC5}
	EndGlobalSection
EndGlobal
