
Microsoft Visual Studio Solution File, Format Version 12.00
# Visual Studio Version 17
VisualStudioVersion = 17.2.32630.192
MinimumVisualStudioVersion = 10.0.40219.1
Project("{FAE04EC0-301F-11D3-BF4B-00C04F79EFBC}") = "LinqConcept", "LinqConcept\LinqConcept.csproj", "{96276E36-4E16-43E3-9E71-109FFD25C046}"
EndProject
Global
	GlobalSection(SolutionConfigurationPlatforms) = preSolution
		Debug|Any CPU = Debug|Any CPU
		Release|Any CPU = Release|Any CPU
	EndGlobalSection
	GlobalSection(ProjectConfigurationPlatforms) = postSolution
		{96276E36-4E16-43E3-9E71-109FFD25C046}.Debug|Any CPU.ActiveCfg = Debug|Any CPU
		{96276E36-4E16-43E3-9E71-109FFD25C046}.Debug|Any CPU.Build.0 = Debug|Any CPU
		{96276E36-4E16-43E3-9E71-109FFD25C046}.Release|Any CPU.ActiveCfg = Release|Any CPU
		{96276E36-4E16-43E3-9E71-109FFD25C046}.Release|Any CPU.Build.0 = Release|Any CPU
	EndGlobalSection
	GlobalSection(SolutionProperties) = preSolution
		HideSolutionNode = FALSE
	EndGlobalSection
	GlobalSection(ExtensibilityGlobals) = postSolution
		SolutionGuid = {A193E98B-6B41-4EBD-8C3D-D8900F51E2D6}
	EndGlobalSection
EndGlobal
